version = 1
revision = 3
requires-python = ">=3.12"

[[package]]
name = "github-io"
version = "0.1.0"
source = { virtual = "." }
dependencies = [
    { name = "livereload" },
]

[package.metadata]
requires-dist = [{ name = "livereload", specifier = ">=2.7.1" }]

[[package]]
name = "livereload"
version = "2.7.1"
source = { registry = "https://pypi.org/simple" }
dependencies = [
    { name = "tornado" },
]
sdist = { url = "https://files.pythonhosted.org/packages/43/6e/f2748665839812a9bbe5c75d3f983edbf3ab05fa5cd2f7c2f36fffdf65bd/livereload-2.7.1.tar.gz", hash = "sha256:3d9bf7c05673df06e32bea23b494b8d36ca6d10f7d5c3c8a6989608c09c986a9", size = 22255, upload-time = "2024-12-18T13:42:01.461Z" }
wheels = [
    { url = "https://files.pythonhosted.org/packages/e4/3e/de54dc7f199e85e6ca37e2e5dae2ec3bce2151e9e28f8eb9076d71e83d56/livereload-2.7.1-py3-none-any.whl", hash = "sha256:5201740078c1b9433f4b2ba22cd2729a39b9d0ec0a2cc6b4d3df257df5ad0564", size = 22657, upload-time = "2024-12-18T13:41:56.35Z" },
]

[[package]]
name = "tornado"
version = "6.5.5"
source = { registry = "https://pypi.org/simple" }
sdist = { url = "https://files.pythonhosted.org/packages/f8/f1/3173dfa4a18db4a9b03e5d55325559dab51ee653763bb8745a75af491286/tornado-6.5.5.tar.gz", hash = "sha256:192b8f3ea91bd7f1f50c06955416ed76c6b72f96779b962f07f911b91e8d30e9", size = 516006, upload-time = "2026-03-10T21:31:02.067Z" }
wheels = [
    { url = "https://files.pythonhosted.org/packages/59/8c/77f5097695f4dd8255ecbd08b2a1ed8ba8b953d337804dd7080f199e12bf/tornado-6.5.5-cp39-abi3-macosx_10_9_universal2.whl", hash = "sha256:487dc9cc380e29f58c7ab88f9e27cdeef04b2140862e5076a66fb6bb68bb1bfa", size = 445983, upload-time = "2026-03-10T21:30:44.28Z" },
    { url = "https://files.pythonhosted.org/packages/ab/5e/7625b76cd10f98f1516c36ce0346de62061156352353ef2da44e5c21523c/tornado-6.5.5-cp39-abi3-macosx_10_9_x86_64.whl", hash = "sha256:65a7f1d46d4bb41df1ac99f5fcb685fb25c7e61613742d5108b010975a9a6521", size = 444246, upload-time = "2026-03-10T21:30:46.571Z" },
    { url = "https://files.pythonhosted.org/packages/b2/04/7b5705d5b3c0fab088f434f9c83edac1573830ca49ccf29fb83bf7178eec/tornado-6.5.5-cp39-abi3-manylinux1_x86_64.manylinux_2_28_x86_64.manylinux_2_5_x86_64.whl", hash = "sha256:e74c92e8e65086b338fd56333fb9a68b9f6f2fe7ad532645a290a464bcf46be5", size = 447229, upload-time = "2026-03-10T21:30:48.273Z" },
    { url = "https://files.pythonhosted.org/packages/34/01/74e034a30ef59afb4097ef8659515e96a39d910b712a89af76f5e4e1f93c/tornado-6.5.5-cp39-abi3-manylinux2014_aarch64.manylinux_2_17_aarch64.manylinux_2_28_aarch64.whl", hash = "sha256:435319e9e340276428bbdb4e7fa732c2d399386d1de5686cb331ec8eee754f07", size = 448192, upload-time = "2026-03-10T21:30:51.22Z" },
    { url = "https://files.pythonhosted.org/packages/be/00/fe9e02c5a96429fce1a1d15a517f5d8444f9c412e0bb9eadfbe3b0fc55bf/tornado-6.5.5-cp39-abi3-musllinux_1_2_aarch64.whl", hash = "sha256:3f54aa540bdbfee7b9eb268ead60e7d199de5021facd276819c193c0fb28ea4e", size = 448039, upload-time = "2026-03-10T21:30:53.52Z" },
    { url = "https://files.pythonhosted.org/packages/82/9e/656ee4cec0398b1d18d0f1eb6372c41c6b889722641d84948351ae19556d/tornado-6.5.5-cp39-abi3-musllinux_1_2_x86_64.whl", hash = "sha256:36abed1754faeb80fbd6e64db2758091e1320f6bba74a4cf8c09cd18ccce8aca", size = 447445, upload-time = "2026-03-10T21:30:55.541Z" },
    { url = "https://files.pythonhosted.org/packages/5a/76/4921c00511f88af86a33de770d64141170f1cfd9c00311aea689949e274e/tornado-6.5.5-cp39-abi3-win32.whl", hash = "sha256:dd3eafaaeec1c7f2f8fdcd5f964e8907ad788fe8a5a32c4426fbbdda621223b7", size = 448582, upload-time = "2026-03-10T21:30:57.142Z" },
    { url = "https://files.pythonhosted.org/packages/2c/23/f6c6112a04d28eed765e374435fb1a9198f73e1ec4b4024184f21faeb1ad/tornado-6.5.5-cp39-abi3-win_amd64.whl", hash = "sha256:6443a794ba961a9f619b1ae926a2e900ac20c34483eea67be4ed8f1e58d3ef7b", size = 448990, upload-time = "2026-03-10T21:30:58.857Z" },
    { url = "https://files.pythonhosted.org/packages/b7/c8/876602cbc96469911f0939f703453c1157b0c826ecb05bdd32e023397d4e/tornado-6.5.5-cp39-abi3-win_arm64.whl", hash = "sha256:2c9a876e094109333f888539ddb2de4361743e5d21eece20688e3e351e4990a6", size = 448016, upload-time = "2026-03-10T21:31:00.43Z" },
]
